PODS:
  - NVActivityIndicatorView (5.0.1):
    - NVActivityIndicatorView/Base (= 5.0.1)
  - NVActivityIndicatorView/Base (5.0.1)

DEPENDENCIES:
  - NVActivityIndicatorView

SPEC REPOS:
  trunk:
    - NVActivityIndicatorView

SPEC CHECKSUMS:
  NVActivityIndicatorView: 738e843cb8924e9e4fc3e559d0728031624bf860

PODFILE CHECKSUM: a80b42d953b8ab42cebe06f76f89b5ee471269e5

COCOAPODS: 1.9.3
